
Microsoft Visual Studio Solution File, Format Version 12.00
# Visual Studio Version 17
VisualStudioVersion = 17.5.002.0
MinimumVisualStudioVersion = 10.0.40219.1
Project("{9A19103F-16F7-4668-BE54-9A1E7A4F7556}") = "simpleEcommerce", "simpleEcommerce\simpleEcommerce.csproj", "{473A4163-8783-4911-A299-FD824A0A10E8}"
EndProject
Global
	GlobalSection(SolutionConfigurationPlatforms) = preSolution
		Debug|Any CPU = Debug|Any CPU
		Release|Any CPU = Release|Any CPU
	EndGlobalSection
	GlobalSection(ProjectConfigurationPlatforms) = postSolution
		{473A4163-8783-4911-A299-FD824A0A10E8}.Debug|Any CPU.ActiveCfg = Debug|Any CPU
		{473A4163-8783-4911-A299-FD824A0A10E8}.Debug|Any CPU.Build.0 = Debug|Any CPU
		{473A4163-8783-4911-A299-FD824A0A10E8}.Release|Any CPU.ActiveCfg = Release|Any CPU
		{473A4163-8783-4911-A299-FD824A0A10E8}.Release|Any CPU.Build.0 = Release|Any CPU
	EndGlobalSection
	GlobalSection(SolutionProperties) = preSolution
		HideSolutionNode = FALSE
	EndGlobalSection
	GlobalSection(ExtensibilityGlobals) = postSolution
		SolutionGuid = {44EA3DDB-0769-4E2B-929B-07E246E2C5BF}
	EndGlobalSection
EndGlobal
